
Microsoft Visual Studio Solution File, Format Version 12.00
# Visual Studio Version 17
VisualStudioVersion = 17.4.33213.308
MinimumVisualStudioVersion = 10.0.40219.1
Project("{FAE04EC0-301F-11D3-BF4B-00C04F79EFBC}") = "ExamenUnid1DMM_CARS.Android", "ExamenUnid1DMM_CARS.Android\ExamenUnid1DMM_CARS.Android.csproj", "{D970E8F1-CAB6-41B0-88D6-F9EC82527CF2}"
EndProject
Project("{FAE04EC0-301F-11D3-BF4B-00C04F79EFBC}") = "ExamenUnid1DMM_CARS.iOS", "ExamenUnid1DMM_CARS.iOS\ExamenUnid1DMM_CARS.iOS.csproj", "{10CC374D-27F6-41FA-A03E-C065425EF4E0}"
EndProject
Project("{FAE04EC0-301F-11D3-BF4B-00C04F79EFBC}") = "ExamenUnid1DMM_CARS", "ExamenUnid1DMM_CARS\ExamenUnid1DMM_CARS.csproj", "{FE135AAE-F625-4FF8-A528-F8B5AED07CC6}"
EndProject
Global
	GlobalSection(SolutionConfigurationPlatforms) = preSolution
		Debug|Any CPU = Debug|Any CPU
		Debug|iPhone = Debug|iPhone
		Debug|iPhoneSimulator = Debug|iPhoneSimulator
		Release|Any CPU = Release|Any CPU
		Release|iPhone = Release|iPhone
		Release|iPhoneSimulator = Release|iPhoneSimulator
	EndGlobalSection
	GlobalSection(ProjectConfigurationPlatforms) = postSolution
		{D970E8F1-CAB6-41B0-88D6-F9EC82527CF2}.Debug|Any CPU.ActiveCfg = Debug|Any CPU
		{D970E8F1-CAB6-41B0-88D6-F9EC82527CF2}.Debug|Any CPU.Build.0 = Debug|Any CPU
		{D970E8F1-CAB6-41B0-88D6-F9EC82527CF2}.Debug|Any CPU.Deploy.0 = Debug|Any CPU
		{D970E8F1-CAB6-41B0-88D6-F9EC82527CF2}.Debug|iPhone.ActiveCfg = Debug|Any CPU
		{D970E8F1-CAB6-41B0-88D6-F9EC82527CF2}.Debug|iPhone.Build.0 = Debug|Any CPU
		{D970E8F1-CAB6-41B0-88D6-F9EC82527CF2}.Debug|iPhone.Deploy.0 = Debug|Any CPU
		{D970E8F1-CAB6-41B0-88D6-F9EC82527CF2}.Debug|iPhoneSimulator.ActiveCfg = Debug|Any CPU
		{D970E8F1-CAB6-41B0-88D6-F9EC82527CF2}.Debug|iPhoneSimulator.Build.0 = Debug|Any CPU
		{D970E8F1-CAB6-41B0-88D6-F9EC82527CF2}.Debug|iPhoneSimulator.Deploy.0 = Debug|Any CPU
		{D970E8F1-CAB6-41B0-88D6-F9EC82527CF2}.Release|Any CPU.ActiveCfg = Release|Any CPU
		{D970E8F1-CAB6-41B0-88D6-F9EC82527CF2}.Release|Any CPU.Build.0 = Release|Any CPU
		{D970E8F1-CAB6-41B0-88D6-F9EC82527CF2}.Release|Any CPU.Deploy.0 = Release|Any CPU
		{D970E8F1-CAB6-41B0-88D6-F9EC82527CF2}.Release|iPhone.ActiveCfg = Release|Any CPU
		{D970E8F1-CAB6-41B0-88D6-F9EC82527CF2}.Release|iPhone.Build.0 = Release|Any CPU
		{D970E8F1-CAB6-41B0-88D6-F9EC82527CF2}.Release|iPhone.Deploy.0 = Release|Any CPU
		{D970E8F1-CAB6-41B0-88D6-F9EC82527CF2}.Release|iPhoneSimulator.ActiveCfg = Release|Any CPU
		{D970E8F1-CAB6-41B0-88D6-F9EC82527CF2}.Release|iPhoneSimulator.Build.0 = Release|Any CPU
		{D970E8F1-CAB6-41B0-88D6-F9EC82527CF2}.Release|iPhoneSimulator.Deploy.0 = Release|Any CPU
		{10CC374D-27F6-41FA-A03E-C065425EF4E0}.Debug|Any CPU.ActiveCfg = Debug|iPhone
		{10CC374D-27F6-41FA-A03E-C065425EF4E0}.Debug|Any CPU.Build.0 = Debug|iPhone
		{10CC374D-27F6-41FA-A03E-C065425EF4E0}.Debug|Any CPU.Deploy.0 = Debug|iPhone
		{10CC374D-27F6-41FA-A03E-C065425EF4E0}.Debug|iPhone.ActiveCfg = Debug|iPhone
		{10CC374D-27F6-41FA-A03E-C065425EF4E0}.Debug|iPhone.Build.0 = Debug|iPhone
		{10CC374D-27F6-41FA-A03E-C065425EF4E0}.Debug|iPhone.Deploy.0 = Debug|iPhone
		{10CC374D-27F6-41FA-A03E-C065425EF4E0}.Debug|iPhoneSimulator.ActiveCfg = Debug|iPhoneSimulator
		{10CC374D-27F6-41FA-A03E-C065425EF4E0}.Debug|iPhoneSimulator.Build.0 = Debug|iPhoneSimulator
		{10CC374D-27F6-41FA-A03E-C065425EF4E0}.Debug|iPhoneSimulator.Deploy.0 = Debug|iPhoneSimulator
		{10CC374D-27F6-41FA-A03E-C065425EF4E0}.Release|Any CPU.ActiveCfg = Release|iPhoneSimulator
		{10CC374D-27F6-41FA-A03E-C065425EF4E0}.Release|Any CPU.Build.0 = Release|iPhoneSimulator
		{10CC374D-27F6-41FA-A03E-C065425EF4E0}.Release|Any CPU.Deploy.0 = Release|iPhoneSimulator
		{10CC374D-27F6-41FA-A03E-C065425EF4E0}.Release|iPhone.ActiveCfg = Release|iPhone
		{10CC374D-27F6-41FA-A03E-C065425EF4E0}.Release|iPhone.Build.0 = Release|iPhone
		{10CC374D-27F6-41FA-A03E-C065425EF4E0}.Release|iPhone.Deploy.0 = Release|iPhone
		{10CC374D-27F6-41FA-A03E-C065425EF4E0}.Release|iPhoneSimulator.ActiveCfg = Release|iPhoneSimulator
		{10CC374D-27F6-41FA-A03E-C065425EF4E0}.Release|iPhoneSimulator.Build.0 = Release|iPhoneSimulator
		{10CC374D-27F6-41FA-A03E-C065425EF4E0}.Release|iPhoneSimulator.Deploy.0 = Release|iPhoneSimulator
		{FE135AAE-F625-4FF8-A528-F8B5AED07CC6}.Debug|Any CPU.ActiveCfg = Debug|Any CPU
		{FE135AAE-F625-4FF8-A528-F8B5AED07CC6}.Debug|Any CPU.Build.0 = Debug|Any CPU
		{FE135AAE-F625-4FF8-A528-F8B5AED07CC6}.Debug|Any CPU.Deploy.0 = Debug|Any CPU
		{FE135AAE-F625-4FF8-A528-F8B5AED07CC6}.Debug|iPhone.ActiveCfg = Debug|Any CPU
		{FE135AAE-F625-4FF8-A528-F8B5AED07CC6}.Debug|iPhone.Build.0 = Debug|Any CPU
		{FE135AAE-F625-4FF8-A528-F8B5AED07CC6}.Debug|iPhone.Deploy.0 = Debug|Any CPU
		{FE135AAE-F625-4FF8-A528-F8B5AED07CC6}.Debug|iPhoneSimulator.ActiveCfg = Debug|Any CPU
		{FE135AAE-F625-4FF8-A528-F8B5AED07CC6}.Debug|iPhoneSimulator.Build.0 = Debug|Any CPU
		{FE135AAE-F625-4FF8-A528-F8B5AED07CC6}.Debug|iPhoneSimulator.Deploy.0 = Debug|Any CPU
		{FE135AAE-F625-4FF8-A528-F8B5AED07CC6}.Release|Any CPU.ActiveCfg = Release|Any CPU
		{FE135AAE-F625-4FF8-A528-F8B5AED07CC6}.Release|Any CPU.Build.0 = Release|Any CPU
		{FE135AAE-F625-4FF8-A528-F8B5AED07CC6}.Release|Any CPU.Deploy.0 = Release|Any CPU
		{FE135AAE-F625-4FF8-A528-F8B5AED07CC6}.Release|iPhone.ActiveCfg = Release|Any CPU
		{FE135AAE-F625-4FF8-A528-F8B5AED07CC6}.Release|iPhone.Build.0 = Release|Any CPU
		{FE135AAE-F625-4FF8-A528-F8B5AED07CC6}.Release|iPhone.Deploy.0 = Release|Any CPU
		{FE135AAE-F625-4FF8-A528-F8B5AED07CC6}.Release|iPhoneSimulator.ActiveCfg = Release|Any CPU
		{FE135AAE-F625-4FF8-A528-F8B5AED07CC6}.Release|iPhoneSimulator.Build.0 = Release|Any CPU
		{FE135AAE-F625-4FF8-A528-F8B5AED07CC6}.Release|iPhoneSimulator.Deploy.0 = Release|Any CPU
	EndGlobalSection
	GlobalSection(SolutionProperties) = preSolution
		HideSolutionNode = FALSE
	EndGlobalSection
	GlobalSection(ExtensibilityGlobals) = postSolution
		SolutionGuid = {A86F317F-1F1A-4A91-A647-CBF4E0F73AE3}
	EndGlobalSection
EndGlobal
